
Microsoft Visual Studio Solution File, Format Version 12.00
# Visual Studio Version 17
VisualStudioVersion = 17.7.34221.43
MinimumVisualStudioVersion = 10.0.40219.1
Project("{FAE04EC0-301F-11D3-BF4B-00C04F79EFBC}") = "BooksApp_Spring2024_sec01", "BooksApp_Spring2024_sec01.csproj", "{BABC6BE5-376F-4868-8434-522C0ACB4925}"
EndProject
Global
	GlobalSection(SolutionConfigurationPlatforms) = preSolution
		Debug|Any CPU = Debug|Any CPU
		Release|Any CPU = Release|Any CPU
	EndGlobalSection
	GlobalSection(ProjectConfigurationPlatforms) = postSolution
		{BABC6BE5-376F-4868-8434-522C0ACB4925}.Debug|Any CPU.ActiveCfg = Debug|Any CPU
		{BABC6BE5-376F-4868-8434-522C0ACB4925}.Debug|Any CPU.Build.0 = Debug|Any CPU
		{BABC6BE5-376F-4868-8434-522C0ACB4925}.Release|Any CPU.ActiveCfg = Release|Any CPU
		{BABC6BE5-376F-4868-8434-522C0ACB4925}.Release|Any CPU.Build.0 = Release|Any CPU
	EndGlobalSection
	GlobalSection(SolutionProperties) = preSolution
		HideSolutionNode = FALSE
	EndGlobalSection
	GlobalSection(ExtensibilityGlobals) = postSolution
		SolutionGuid = {83ABB513-0097-4459-8BBC-72A2687701D3}
	EndGlobalSection
EndGlobal
